// !$*UTF8*$!
{
	archiveVersion = 1;
	classes = {
	};
	objectVersion = 46;
	objects = {

/* Begin PBXBuildFile section */
		36014F2F1AED3EFB0084817B /* Player_LeftSkid.png in Resources */ = {isa = PBXBuildFile; fileRef = 36014F2D1AED3EFB0084817B /* Player_LeftSkid.png */; };
		36014F301AED3EFB0084817B /* Player_RightSkid.png in Resources */ = {isa = PBXBuildFile; fileRef = 36014F2E1AED3EFB0084817B /* Player_RightSkid.png */; };
		3624C3AA1AEFBFEE00D974C2 /* Coin1.png in Resources */ = {isa = PBXBuildFile; fileRef = 3624C3A71AEFBFEE00D974C2 /* Coin1.png */; };
		3624C3AB1AEFBFEE00D974C2 /* Coin2.png in Resources */ = {isa = PBXBuildFile; fileRef = 3624C3A81AEFBFEE00D974C2 /* Coin2.png */; };
		3624C3AC1AEFBFEE00D974C2 /* Coin3.png in Resources */ = {isa = PBXBuildFile; fileRef = 3624C3A91AEFBFEE00D974C2 /* Coin3.png */; };
		3624C3B01AEFC00700D974C2 /* SKBCoin.m in Sources */ = {isa = PBXBuildFile; fileRef = 3624C3AF1AEFC00700D974C2 /* SKBCoin.m */; };
		36D8EE361AEBEFD3004315CE /* main.m in Sources */ = {isa = PBXBuildFile; fileRef = 36D8EE351AEBEFD3004315CE /* main.m */; };
		36D8EE391AEBEFD3004315CE /* AppDelegate.m in Sources */ = {isa = PBXBuildFile; fileRef = 36D8EE381AEBEFD3004315CE /* AppDelegate.m */; };
		36D8EE3C1AEBEFD3004315CE /* SplashScreenScene.m in Sources */ = {isa = PBXBuildFile; fileRef = 36D8EE3B1AEBEFD3004315CE /* SplashScreenScene.m */; };
		36D8EE411AEBEFD3004315CE /* GameViewController.m in Sources */ = {isa = PBXBuildFile; fileRef = 36D8EE401AEBEFD3004315CE /* GameViewController.m */; };
		36D8EE441AEBEFD3004315CE /* Main.storyboard in Resources */ = {isa = PBXBuildFile; fileRef = 36D8EE421AEBEFD3004315CE /* Main.storyboard */; };
		36D8EE461AEBEFD3004315CE /* Images.xcassets in Resources */ = {isa = PBXBuildFile; fileRef = 36D8EE451AEBEFD3004315CE /* Images.xcassets */; };
		36D8EE491AEBEFD3004315CE /* LaunchScreen.xib in Resources */ = {isa = PBXBuildFile; fileRef = 36D8EE471AEBEFD3004315CE /* LaunchScreen.xib */; };
		36D8EE551AEBEFD3004315CE /* Sewer_BrothersTests.m in Sources */ = {isa = PBXBuildFile; fileRef = 36D8EE541AEBEFD3004315CE /* Sewer_BrothersTests.m */; };
		36D8EE601AEBF6E3004315CE /* SewerSplash_480.png in Resources */ = {isa = PBXBuildFile; fileRef = 36D8EE5E1AEBF6E3004315CE /* SewerSplash_480.png */; };
		36D8EE611AEBF6E3004315CE /* SewerSplash_568.png in Resources */ = {isa = PBXBuildFile; fileRef = 36D8EE5F1AEBF6E3004315CE /* SewerSplash_568.png */; };
		36D8EE671AEC06F0004315CE /* GameScene.m in Sources */ = {isa = PBXBuildFile; fileRef = 36D8EE661AEC06F0004315CE /* GameScene.m */; };
		36D8EE6C1AEC4C0F004315CE /* Player_Right1.png in Resources */ = {isa = PBXBuildFile; fileRef = 36D8EE681AEC4C0F004315CE /* Player_Right1.png */; };
		36D8EE6D1AEC4C0F004315CE /* Player_Right2.png in Resources */ = {isa = PBXBuildFile; fileRef = 36D8EE691AEC4C0F004315CE /* Player_Right2.png */; };
		36D8EE6E1AEC4C0F004315CE /* Player_Right3.png in Resources */ = {isa = PBXBuildFile; fileRef = 36D8EE6A1AEC4C0F004315CE /* Player_Right3.png */; };
		36D8EE6F1AEC4C0F004315CE /* Player_Right4.png in Resources */ = {isa = PBXBuildFile; fileRef = 36D8EE6B1AEC4C0F004315CE /* Player_Right4.png */; };
		36D8EE741AEC523B004315CE /* SKBPlayer.m in Sources */ = {isa = PBXBuildFile; fileRef = 36D8EE731AEC523B004315CE /* SKBPlayer.m */; };
		36D8EE771AEC58CD004315CE /* SKBSpriteTextures.m in Sources */ = {isa = PBXBuildFile; fileRef = 36D8EE761AEC58CD004315CE /* SKBSpriteTextures.m */; };
		36D8EE7C1AEC9A21004315CE /* Player_Left1.png in Resources */ = {isa = PBXBuildFile; fileRef = 36D8EE781AEC9A21004315CE /* Player_Left1.png */; };
		36D8EE7D1AEC9A21004315CE /* Player_Left2.png in Resources */ = {isa = PBXBuildFile; fileRef = 36D8EE791AEC9A21004315CE /* Player_Left2.png */; };
		36D8EE7E1AEC9A21004315CE /* Player_Left3.png in Resources */ = {isa = PBXBuildFile; fileRef = 36D8EE7A1AEC9A21004315CE /* Player_Left3.png */; };
		36D8EE7F1AEC9A21004315CE /* Player_Left4.png in Resources */ = {isa = PBXBuildFile; fileRef = 36D8EE7B1AEC9A21004315CE /* Player_Left4.png */; };
		36D8EE821AEC9A47004315CE /* Player_Left_Still.png in Resources */ = {isa = PBXBuildFile; fileRef = 36D8EE801AEC9A47004315CE /* Player_Left_Still.png */; };
		36D8EE831AEC9A47004315CE /* Player_Right_Still.png in Resources */ = {isa = PBXBuildFile; fileRef = 36D8EE811AEC9A47004315CE /* Player_Right_Still.png */; };
		36D941E41AF030E6005D59D3 /* CastOfCharacters.plist in Resources */ = {isa = PBXBuildFile; fileRef = 36D941E31AF030E6005D59D3 /* CastOfCharacters.plist */; };
		36D941F01AF084EE005D59D3 /* Text_Number_0.png in Resources */ = {isa = PBXBuildFile; fileRef = 36D941E61AF084EE005D59D3 /* Text_Number_0.png */; };
		36D941F11AF084EE005D59D3 /* Text_Number_1.png in Resources */ = {isa = PBXBuildFile; fileRef = 36D941E71AF084EE005D59D3 /* Text_Number_1.png */; };
		36D941F21AF084EE005D59D3 /* Text_Number_2.png in Resources */ = {isa = PBXBuildFile; fileRef = 36D941E81AF084EE005D59D3 /* Text_Number_2.png */; };
		36D941F31AF084EE005D59D3 /* Text_Number_3.png in Resources */ = {isa = PBXBuildFile; fileRef = 36D941E91AF084EE005D59D3 /* Text_Number_3.png */; };
		36D941F41AF084EE005D59D3 /* Text_Number_4.png in Resources */ = {isa = PBXBuildFile; fileRef = 36D941EA1AF084EE005D59D3 /* Text_Number_4.png */; };
		36D941F51AF084EE005D59D3 /* Text_Number_5.png in Resources */ = {isa = PBXBuildFile; fileRef = 36D941EB1AF084EE005D59D3 /* Text_Number_5.png */; };
		36D941F61AF084EE005D59D3 /* Text_Number_6.png in Resources */ = {isa = PBXBuildFile; fileRef = 36D941EC1AF084EE005D59D3 /* Text_Number_6.png */; };
		36D941F71AF084EE005D59D3 /* Text_Number_7.png in Resources */ = {isa = PBXBuildFile; fileRef = 36D941ED1AF084EE005D59D3 /* Text_Number_7.png */; };
		36D941F81AF084EE005D59D3 /* Text_Number_8.png in Resources */ = {isa = PBXBuildFile; fileRef = 36D941EE1AF084EE005D59D3 /* Text_Number_8.png */; };
		36D941F91AF084EE005D59D3 /* Text_Number_9.png in Resources */ = {isa = PBXBuildFile; fileRef = 36D941EF1AF084EE005D59D3 /* Text_Number_9.png */; };
		36D941FC1AF085F7005D59D3 /* Text_PlayerScoreHeader.png in Resources */ = {isa = PBXBuildFile; fileRef = 36D941FB1AF085F7005D59D3 /* Text_PlayerScoreHeader.png */; };
		36D941FF1AF086C1005D59D3 /* SKBScores.m in Sources */ = {isa = PBXBuildFile; fileRef = 36D941FE1AF086C1005D59D3 /* SKBScores.m */; };
		36D942091AF10A18005D59D3 /* Theme.caf in Resources */ = {isa = PBXBuildFile; fileRef = 36D942081AF10A18005D59D3 /* Theme.caf */; };
		36D942101AF10AB1005D59D3 /* Jump.caf in Resources */ = {isa = PBXBuildFile; fileRef = 36D9420A1AF10AB1005D59D3 /* Jump.caf */; };
		36D942111AF10AB1005D59D3 /* Run.caf in Resources */ = {isa = PBXBuildFile; fileRef = 36D9420B1AF10AB1005D59D3 /* Run.caf */; };
		36D942121AF10AB1005D59D3 /* Skid.caf in Resources */ = {isa = PBXBuildFile; fileRef = 36D9420C1AF10AB1005D59D3 /* Skid.caf */; };
		36D942131AF10AB1005D59D3 /* SpawnCoin.caf in Resources */ = {isa = PBXBuildFile; fileRef = 36D9420D1AF10AB1005D59D3 /* SpawnCoin.caf */; };
		36D942141AF10AB1005D59D3 /* SpawnEnemy.caf in Resources */ = {isa = PBXBuildFile; fileRef = 36D9420E1AF10AB1005D59D3 /* SpawnEnemy.caf */; };
		36D942151AF10AB1005D59D3 /* SpawnPlayer.caf in Resources */ = {isa = PBXBuildFile; fileRef = 36D9420F1AF10AB1005D59D3 /* SpawnPlayer.caf */; };
		36D942171AF1137F005D59D3 /* Grate.png in Resources */ = {isa = PBXBuildFile; fileRef = 36D942161AF1137F005D59D3 /* Grate.png */; };
		36D9421A1AF11540005D59D3 /* PipeLwrLeft.png in Resources */ = {isa = PBXBuildFile; fileRef = 36D942181AF11540005D59D3 /* PipeLwrLeft.png */; };
		36D9421B1AF11540005D59D3 /* PipeLwrRight.png in Resources */ = {isa = PBXBuildFile; fileRef = 36D942191AF11540005D59D3 /* PipeLwrRight.png */; };
		36DB89BE1AEEEF2E0093B567 /* Ratz_Left1.png in Resources */ = {isa = PBXBuildFile; fileRef = 36DB89B41AEEEF2E0093B567 /* Ratz_Left1.png */; };
		36DB89BF1AEEEF2E0093B567 /* Ratz_Left2.png in Resources */ = {isa = PBXBuildFile; fileRef = 36DB89B51AEEEF2E0093B567 /* Ratz_Left2.png */; };
		36DB89C01AEEEF2E0093B567 /* Ratz_Left3.png in Resources */ = {isa = PBXBuildFile; fileRef = 36DB89B61AEEEF2E0093B567 /* Ratz_Left3.png */; };
		36DB89C11AEEEF2E0093B567 /* Ratz_Left4.png in Resources */ = {isa = PBXBuildFile; fileRef = 36DB89B71AEEEF2E0093B567 /* Ratz_Left4.png */; };
		36DB89C21AEEEF2E0093B567 /* Ratz_Left5.png in Resources */ = {isa = PBXBuildFile; fileRef = 36DB89B81AEEEF2E0093B567 /* Ratz_Left5.png */; };
		36DB89C31AEEEF2E0093B567 /* Ratz_Right1.png in Resources */ = {isa = PBXBuildFile; fileRef = 36DB89B91AEEEF2E0093B567 /* Ratz_Right1.png */; };
		36DB89C41AEEEF2E0093B567 /* Ratz_Right2.png in Resources */ = {isa = PBXBuildFile; fileRef = 36DB89BA1AEEEF2E0093B567 /* Ratz_Right2.png */; };
		36DB89C51AEEEF2E0093B567 /* Ratz_Right3.png in Resources */ = {isa = PBXBuildFile; fileRef = 36DB89BB1AEEEF2E0093B567 /* Ratz_Right3.png */; };
		36DB89C61AEEEF2E0093B567 /* Ratz_Right4.png in Resources */ = {isa = PBXBuildFile; fileRef = 36DB89BC1AEEEF2E0093B567 /* Ratz_Right4.png */; };
		36DB89C71AEEEF2E0093B567 /* Ratz_Right5.png in Resources */ = {isa = PBXBuildFile; fileRef = 36DB89BD1AEEEF2E0093B567 /* Ratz_Right5.png */; };
		36DB89CA1AEEF0C70093B567 /* SKBRatz.m in Sources */ = {isa = PBXBuildFile; fileRef = 36DB89C91AEEF0C70093B567 /* SKBRatz.m */; };
		36F35C751AED84E8008A3CCA /* Backdrop_480.png in Resources */ = {isa = PBXBuildFile; fileRef = 36F35C731AED84E8008A3CCA /* Backdrop_480.png */; };
		36F35C761AED84E8008A3CCA /* Backdrop_568.png in Resources */ = {isa = PBXBuildFile; fileRef = 36F35C741AED84E8008A3CCA /* Backdrop_568.png */; };
		36F35C781AEDC34C008A3CCA /* Base_600.png in Resources */ = {isa = PBXBuildFile; fileRef = 36F35C771AEDC34C008A3CCA /* Base_600.png */; };
		36F35C7B1AEDCD15008A3CCA /* Player_LeftJump.png in Resources */ = {isa = PBXBuildFile; fileRef = 36F35C791AEDCD15008A3CCA /* Player_LeftJump.png */; };
		36F35C7C1AEDCD15008A3CCA /* Player_RightJump.png in Resources */ = {isa = PBXBuildFile; fileRef = 36F35C7A1AEDCD15008A3CCA /* Player_RightJump.png */; };
		36F35C801AEE65B0008A3CCA /* SKBLedge.m in Sources */ = {isa = PBXBuildFile; fileRef = 36F35C7F1AEE65B0008A3CCA /* SKBLedge.m */; };
		36F35C821AEE6658008A3CCA /* LedgeBrick.png in Resources */ = {isa = PBXBuildFile; fileRef = 36F35C811AEE6658008A3CCA /* LedgeBrick.png */; };
/* End PBXBuildFile section */

/* Begin PBXContainerItemProxy section */
		36D8EE4F1AEBEFD3004315CE /* PBXContainerItemProxy */ = {
			isa = PBXContainerItemProxy;
			containerPortal = 36D8EE281AEBEFD2004315CE /* Project object */;
			proxyType = 1;
			remoteGlobalIDString = 36D8EE2F1AEBEFD3004315CE;
			remoteInfo = "Sewer Brothers";
		};
/* End PBXContainerItemProxy section */

/* Begin PBXFileReference section */
		36014F2D1AED3EFB0084817B /* Player_LeftSkid.png */ = {isa = PBXFileReference; lastKnownFileType = image.png; path = Player_LeftSkid.png; sourceTree = "<group>"; };
		36014F2E1AED3EFB0084817B /* Player_RightSkid.png */ = {isa = PBXFileReference; lastKnownFileType = image.png; path = Player_RightSkid.png; sourceTree = "<group>"; };
		3624C3A71AEFBFEE00D974C2 /* Coin1.png */ = {isa = PBXFileReference; lastKnownFileType = image.png; path = Coin1.png; sourceTree = "<group>"; };
		3624C3A81AEFBFEE00D974C2 /* Coin2.png */ = {isa = PBXFileReference; lastKnownFileType = image.png; path = Coin2.png; sourceTree = "<group>"; };
		3624C3A91AEFBFEE00D974C2 /* Coin3.png */ = {isa = PBXFileReference; lastKnownFileType = image.png; path = Coin3.png; sourceTree = "<group>"; };
		3624C3AE1AEFC00700D974C2 /* SKBCoin.h */ = {isa = PBXFileReference; fileEncoding = 4; lastKnownFileType = sourcecode.c.h; path = SKBCoin.h; sourceTree = "<group>"; };
		3624C3AF1AEFC00700D974C2 /* SKBCoin.m */ = {isa = PBXFileReference; fileEncoding = 4; lastKnownFileType = sourcecode.c.objc; path = SKBCoin.m; sourceTree = "<group>"; };
		36D8EE301AEBEFD3004315CE /* Sewer Brothers.app */ = {isa = PBXFileReference; explicitFileType = wrapper.application; includeInIndex = 0; path = "Sewer Brothers.app"; sourceTree = BUILT_PRODUCTS_DIR; };
		36D8EE341AEBEFD3004315CE /* Info.plist */ = {isa = PBXFileReference; lastKnownFileType = text.plist.xml; path = Info.plist; sourceTree = "<group>"; };
		36D8EE351AEBEFD3004315CE /* main.m */ = {isa = PBXFileReference; lastKnownFileType = sourcecode.c.objc; path = main.m; sourceTree = "<group>"; };
		36D8EE371AEBEFD3004315CE /* AppDelegate.h */ = {isa = PBXFileReference; lastKnownFileType = sourcecode.c.h; path = AppDelegate.h; sourceTree = "<group>"; };
		36D8EE381AEBEFD3004315CE /* AppDelegate.m */ = {isa = PBXFileReference; lastKnownFileType = sourcecode.c.objc; path = AppDelegate.m; sourceTree = "<group>"; };
		36D8EE3A1AEBEFD3004315CE /* SplashScreenScene.h */ = {isa = PBXFileReference; lastKnownFileType = sourcecode.c.h; path = SplashScreenScene.h; sourceTree = "<group>"; };
		36D8EE3B1AEBEFD3004315CE /* SplashScreenScene.m */ = {isa = PBXFileReference; lastKnownFileType = sourcecode.c.objc; path = SplashScreenScene.m; sourceTree = "<group>"; };
		36D8EE3F1AEBEFD3004315CE /* GameViewController.h */ = {isa = PBXFileReference; lastKnownFileType = sourcecode.c.h; path = GameViewController.h; sourceTree = "<group>"; };
		36D8EE401AEBEFD3004315CE /* GameViewController.m */ = {isa = PBXFileReference; lastKnownFileType = sourcecode.c.objc; path = GameViewController.m; sourceTree = "<group>"; };
		36D8EE431AEBEFD3004315CE /* Base */ = {isa = PBXFileReference; lastKnownFileType = file.storyboard; name = Base; path = Base.lproj/Main.storyboard; sourceTree = "<group>"; };
		36D8EE451AEBEFD3004315CE /* Images.xcassets */ = {isa = PBXFileReference; lastKnownFileType = folder.assetcatalog; path = Images.xcassets; sourceTree = "<group>"; };
		36D8EE481AEBEFD3004315CE /* Base */ = {isa = PBXFileReference; lastKnownFileType = file.xib; name = Base; path = Base.lproj/LaunchScreen.xib; sourceTree = "<group>"; };
		36D8EE4E1AEBEFD3004315CE /* Sewer BrothersTests.xctest */ = {isa = PBXFileReference; explicitFileType = wrapper.cfbundle; includeInIndex = 0; path = "Sewer BrothersTests.xctest"; sourceTree = BUILT_PRODUCTS_DIR; };
		36D8EE531AEBEFD3004315CE /* Info.plist */ = {isa = PBXFileReference; lastKnownFileType = text.plist.xml; path = Info.plist; sourceTree = "<group>"; };
		36D8EE541AEBEFD3004315CE /* Sewer_BrothersTests.m */ = {isa = PBXFileReference; lastKnownFileType = sourcecode.c.objc; path = Sewer_BrothersTests.m; sourceTree = "<group>"; };
		36D8EE5E1AEBF6E3004315CE /* SewerSplash_480.png */ = {isa = PBXFileReference; lastKnownFileType = image.png; path = SewerSplash_480.png; sourceTree = "<group>"; };
		36D8EE5F1AEBF6E3004315CE /* SewerSplash_568.png */ = {isa = PBXFileReference; lastKnownFileType = image.png; path = SewerSplash_568.png; sourceTree = "<group>"; };
		36D8EE651AEC06F0004315CE /* GameScene.h */ = {isa = PBXFileReference; fileEncoding = 4; lastKnownFileType = sourcecode.c.h; path = GameScene.h; sourceTree = "<group>"; };
		36D8EE661AEC06F0004315CE /* GameScene.m */ = {isa = PBXFileReference; fileEncoding = 4; lastKnownFileType = sourcecode.c.objc; path = GameScene.m; sourceTree = "<group>"; };
		36D8EE681AEC4C0F004315CE /* Player_Right1.png */ = {isa = PBXFileReference; lastKnownFileType = image.png; path = Player_Right1.png; sourceTree = "<group>"; };
		36D8EE691AEC4C0F004315CE /* Player_Right2.png */ = {isa = PBXFileReference; lastKnownFileType = image.png; path = Player_Right2.png; sourceTree = "<group>"; };
		36D8EE6A1AEC4C0F004315CE /* Player_Right3.png */ = {isa = PBXFileReference; lastKnownFileType = image.png; path = Player_Right3.png; sourceTree = "<group>"; };
		36D8EE6B1AEC4C0F004315CE /* Player_Right4.png */ = {isa = PBXFileReference; lastKnownFileType = image.png; path = Player_Right4.png; sourceTree = "<group>"; };
		36D8EE721AEC523B004315CE /* SKBPlayer.h */ = {isa = PBXFileReference; fileEncoding = 4; lastKnownFileType = sourcecode.c.h; path = SKBPlayer.h; sourceTree = "<group>"; };
		36D8EE731AEC523B004315CE /* SKBPlayer.m */ = {isa = PBXFileReference; fileEncoding = 4; lastKnownFileType = sourcecode.c.objc; path = SKBPlayer.m; sourceTree = "<group>"; };
		36D8EE751AEC58CD004315CE /* SKBSpriteTextures.h */ = {isa = PBXFileReference; fileEncoding = 4; lastKnownFileType = sourcecode.c.h; path = SKBSpriteTextures.h; sourceTree = "<group>"; };
		36D8EE761AEC58CD004315CE /* SKBSpriteTextures.m */ = {isa = PBXFileReference; fileEncoding = 4; lastKnownFileType = sourcecode.c.objc; path = SKBSpriteTextures.m; sourceTree = "<group>"; };
		36D8EE781AEC9A21004315CE /* Player_Left1.png */ = {isa = PBXFileReference; lastKnownFileType = image.png; path = Player_Left1.png; sourceTree = "<group>"; };
		36D8EE791AEC9A21004315CE /* Player_Left2.png */ = {isa = PBXFileReference; lastKnownFileType = image.png; path = Player_Left2.png; sourceTree = "<group>"; };
		36D8EE7A1AEC9A21004315CE /* Player_Left3.png */ = {isa = PBXFileReference; lastKnownFileType = image.png; path = Player_Left3.png; sourceTree = "<group>"; };
		36D8EE7B1AEC9A21004315CE /* Player_Left4.png */ = {isa = PBXFileReference; lastKnownFileType = image.png; path = Player_Left4.png; sourceTree = "<group>"; };
		36D8EE801AEC9A47004315CE /* Player_Left_Still.png */ = {isa = PBXFileReference; lastKnownFileType = image.png; path = Player_Left_Still.png; sourceTree = "<group>"; };
		36D8EE811AEC9A47004315CE /* Player_Right_Still.png */ = {isa = PBXFileReference; lastKnownFileType = image.png; path = Player_Right_Still.png; sourceTree = "<group>"; };
		36D941E31AF030E6005D59D3 /* CastOfCharacters.plist */ = {isa = PBXFileReference; fileEncoding = 4; lastKnownFileType = text.plist.xml; path = CastOfCharacters.plist; sourceTree = "<group>"; };
		36D941E61AF084EE005D59D3 /* Text_Number_0.png */ = {isa = PBXFileReference; lastKnownFileType = image.png; path = Text_Number_0.png; sourceTree = "<group>"; };
		36D941E71AF084EE005D59D3 /* Text_Number_1.png */ = {isa = PBXFileReference; lastKnownFileType = image.png; path = Text_Number_1.png; sourceTree = "<group>"; };
		36D941E81AF084EE005D59D3 /* Text_Number_2.png */ = {isa = PBXFileReference; lastKnownFileType = image.png; path = Text_Number_2.png; sourceTree = "<group>"; };
		36D941E91AF084EE005D59D3 /* Text_Number_3.png */ = {isa = PBXFileReference; lastKnownFileType = image.png; path = Text_Number_3.png; sourceTree = "<group>"; };
		36D941EA1AF084EE005D59D3 /* Text_Number_4.png */ = {isa = PBXFileReference; lastKnownFileType = image.png; path = Text_Number_4.png; sourceTree = "<group>"; };
		36D941EB1AF084EE005D59D3 /* Text_Number_5.png */ = {isa = PBXFileReference; lastKnownFileType = image.png; path = Text_Number_5.png; sourceTree = "<group>"; };
		36D941EC1AF084EE005D59D3 /* Text_Number_6.png */ = {isa = PBXFileReference; lastKnownFileType = image.png; path = Text_Number_6.png; sourceTree = "<group>"; };
		36D941ED1AF084EE005D59D3 /* Text_Number_7.png */ = {isa = PBXFileReference; lastKnownFileType = image.png; path = Text_Number_7.png; sourceTree = "<group>"; };
		36D941EE1AF084EE005D59D3 /* Text_Number_8.png */ = {isa = PBXFileReference; lastKnownFileType = image.png; path = Text_Number_8.png; sourceTree = "<group>"; };
		36D941EF1AF084EE005D59D3 /* Text_Number_9.png */ = {isa = PBXFileReference; lastKnownFileType = image.png; path = Text_Number_9.png; sourceTree = "<group>"; };
		36D941FB1AF085F7005D59D3 /* Text_PlayerScoreHeader.png */ = {isa = PBXFileReference; lastKnownFileType = image.png; path = Text_PlayerScoreHeader.png; sourceTree = "<group>"; };
		36D941FD1AF086C1005D59D3 /* SKBScores.h */ = {isa = PBXFileReference; fileEncoding = 4; lastKnownFileType = sourcecode.c.h; path = SKBScores.h; sourceTree = "<group>"; };
		36D941FE1AF086C1005D59D3 /* SKBScores.m */ = {isa = PBXFileReference; fileEncoding = 4; lastKnownFileType = sourcecode.c.objc; path = SKBScores.m; sourceTree = "<group>"; };
		36D942081AF10A18005D59D3 /* Theme.caf */ = {isa = PBXFileReference; lastKnownFileType = file; path = Theme.caf; sourceTree = "<group>"; };
		36D9420A1AF10AB1005D59D3 /* Jump.caf */ = {isa = PBXFileReference; lastKnownFileType = file; path = Jump.caf; sourceTree = "<group>"; };
		36D9420B1AF10AB1005D59D3 /* Run.caf */ = {isa = PBXFileReference; lastKnownFileType = file; path = Run.caf; sourceTree = "<group>"; };
		36D9420C1AF10AB1005D59D3 /* Skid.caf */ = {isa = PBXFileReference; lastKnownFileType = file; path = Skid.caf; sourceTree = "<group>"; };
		36D9420D1AF10AB1005D59D3 /* SpawnCoin.caf */ = {isa = PBXFileReference; lastKnownFileType = file; path = SpawnCoin.caf; sourceTree = "<group>"; };
		36D9420E1AF10AB1005D59D3 /* SpawnEnemy.caf */ = {isa = PBXFileReference; lastKnownFileType = file; path = SpawnEnemy.caf; sourceTree = "<group>"; };
		36D9420F1AF10AB1005D59D3 /* SpawnPlayer.caf */ = {isa = PBXFileReference; lastKnownFileType = file; path = SpawnPlayer.caf; sourceTree = "<group>"; };
		36D942161AF1137F005D59D3 /* Grate.png */ = {isa = PBXFileReference; lastKnownFileType = image.png; path = Grate.png; sourceTree = "<group>"; };
		36D942181AF11540005D59D3 /* PipeLwrLeft.png */ = {isa = PBXFileReference; lastKnownFileType = image.png; path = PipeLwrLeft.png; sourceTree = "<group>"; };
		36D942191AF11540005D59D3 /* PipeLwrRight.png */ = {isa = PBXFileReference; lastKnownFileType = image.png; path = PipeLwrRight.png; sourceTree = "<group>"; };
		36DB89B41AEEEF2E0093B567 /* Ratz_Left1.png */ = {isa = PBXFileReference; lastKnownFileType = image.png; path = Ratz_Left1.png; sourceTree = "<group>"; };
		36DB89B51AEEEF2E0093B567 /* Ratz_Left2.png */ = {isa = PBXFileReference; lastKnownFileType = image.png; path = Ratz_Left2.png; sourceTree = "<group>"; };
		36DB89B61AEEEF2E0093B567 /* Ratz_Left3.png */ = {isa = PBXFileReference; lastKnownFileType = image.png; path = Ratz_Left3.png; sourceTree = "<group>"; };
		36DB89B71AEEEF2E0093B567 /* Ratz_Left4.png */ = {isa = PBXFileReference; lastKnownFileType = image.png; path = Ratz_Left4.png; sourceTree = "<group>"; };
		36DB89B81AEEEF2E0093B567 /* Ratz_Left5.png */ = {isa = PBXFileReference; lastKnownFileType = image.png; path = Ratz_Left5.png; sourceTree = "<group>"; };
		36DB89B91AEEEF2E0093B567 /* Ratz_Right1.png */ = {isa = PBXFileReference; lastKnownFileType = image.png; path = Ratz_Right1.png; sourceTree = "<group>"; };
		36DB89BA1AEEEF2E0093B567 /* Ratz_Right2.png */ = {isa = PBXFileReference; lastKnownFileType = image.png; path = Ratz_Right2.png; sourceTree = "<group>"; };
		36DB89BB1AEEEF2E0093B567 /* Ratz_Right3.png */ = {isa = PBXFileReference; lastKnownFileType = image.png; path = Ratz_Right3.png; sourceTree = "<group>"; };
		36DB89BC1AEEEF2E0093B567 /* Ratz_Right4.png */ = {isa = PBXFileReference; lastKnownFileType = image.png; path = Ratz_Right4.png; sourceTree = "<group>"; };
		36DB89BD1AEEEF2E0093B567 /* Ratz_Right5.png */ = {isa = PBXFileReference; lastKnownFileType = image.png; path = Ratz_Right5.png; sourceTree = "<group>"; };
		36DB89C81AEEF0C70093B567 /* SKBRatz.h */ = {isa = PBXFileReference; fileEncoding = 4; lastKnownFileType = sourcecode.c.h; path = SKBRatz.h; sourceTree = "<group>"; };
		36DB89C91AEEF0C70093B567 /* SKBRatz.m */ = {isa = PBXFileReference; fileEncoding = 4; lastKnownFileType = sourcecode.c.objc; path = SKBRatz.m; sourceTree = "<group>"; };
		36F35C731AED84E8008A3CCA /* Backdrop_480.png */ = {isa = PBXFileReference; lastKnownFileType = image.png; path = Backdrop_480.png; sourceTree = "<group>"; };
		36F35C741AED84E8008A3CCA /* Backdrop_568.png */ = {isa = PBXFileReference; lastKnownFileType = image.png; path = Backdrop_568.png; sourceTree = "<group>"; };
		36F35C771AEDC34C008A3CCA /* Base_600.png */ = {isa = PBXFileReference; lastKnownFileType = image.png; path = Base_600.png; sourceTree = "<group>"; };
		36F35C791AEDCD15008A3CCA /* Player_LeftJump.png */ = {isa = PBXFileReference; lastKnownFileType = image.png; path = Player_LeftJump.png; sourceTree = "<group>"; };
		36F35C7A1AEDCD15008A3CCA /* Player_RightJump.png */ = {isa = PBXFileReference; lastKnownFileType = image.png; path = Player_RightJump.png; sourceTree = "<group>"; };
		36F35C7E1AEE65B0008A3CCA /* SKBLedge.h */ = {isa = PBXFileReference; fileEncoding = 4; lastKnownFileType = sourcecode.c.h; path = SKBLedge.h; sourceTree = "<group>"; };
		36F35C7F1AEE65B0008A3CCA /* SKBLedge.m */ = {isa = PBXFileReference; fileEncoding = 4; lastKnownFileType = sourcecode.c.objc; path = SKBLedge.m; sourceTree = "<group>"; };
		36F35C811AEE6658008A3CCA /* LedgeBrick.png */ = {isa = PBXFileReference; lastKnownFileType = image.png; path = LedgeBrick.png; sourceTree = "<group>"; };
/* End PBXFileReference section */

/* Begin PBXFrameworksBuildPhase section */
		36D8EE2D1AEBEFD3004315CE /* Frameworks */ = {
			isa = PBXFrameworksBuildPhase;
			buildActionMask = 2147483647;
			files = (
			);
			runOnlyForDeploymentPostprocessing = 0;
		};
		36D8EE4B1AEBEFD3004315CE /* Frameworks */ = {
			isa = PBXFrameworksBuildPhase;
			buildActionMask = 2147483647;
			files = (
			);
			runOnlyForDeploymentPostprocessing = 0;
		};
/* End PBXFrameworksBuildPhase section */

/* Begin PBXGroup section */
		3624C3A61AEFBFD600D974C2 /* Coin */ = {
			isa = PBXGroup;
			children = (
				3624C3AD1AEFBFF200D974C2 /* images */,
				3624C3AE1AEFC00700D974C2 /* SKBCoin.h */,
				3624C3AF1AEFC00700D974C2 /* SKBCoin.m */,
			);
			name = Coin;
			sourceTree = "<group>";
		};
		3624C3AD1AEFBFF200D974C2 /* images */ = {
			isa = PBXGroup;
			children = (
				3624C3A71AEFBFEE00D974C2 /* Coin1.png */,
				3624C3A81AEFBFEE00D974C2 /* Coin2.png */,
				3624C3A91AEFBFEE00D974C2 /* Coin3.png */,
			);
			name = images;
			sourceTree = "<group>";
		};
		365DBC2D1AEE6C3C005CAE5D /* images */ = {
			isa = PBXGroup;
			children = (
				36F35C791AEDCD15008A3CCA /* Player_LeftJump.png */,
				36F35C7A1AEDCD15008A3CCA /* Player_RightJump.png */,
				36014F2D1AED3EFB0084817B /* Player_LeftSkid.png */,
				36014F2E1AED3EFB0084817B /* Player_RightSkid.png */,
				36D8EE801AEC9A47004315CE /* Player_Left_Still.png */,
				36D8EE811AEC9A47004315CE /* Player_Right_Still.png */,
				36D8EE781AEC9A21004315CE /* Player_Left1.png */,
				36D8EE791AEC9A21004315CE /* Player_Left2.png */,
				36D8EE7A1AEC9A21004315CE /* Player_Left3.png */,
				36D8EE7B1AEC9A21004315CE /* Player_Left4.png */,
				36D8EE681AEC4C0F004315CE /* Player_Right1.png */,
				36D8EE691AEC4C0F004315CE /* Player_Right2.png */,
				36D8EE6A1AEC4C0F004315CE /* Player_Right3.png */,
				36D8EE6B1AEC4C0F004315CE /* Player_Right4.png */,
			);
			name = images;
			sourceTree = "<group>";
		};
		365DBC2E1AEE6C4E005CAE5D /* images */ = {
			isa = PBXGroup;
			children = (
				36D942181AF11540005D59D3 /* PipeLwrLeft.png */,
				36D942191AF11540005D59D3 /* PipeLwrRight.png */,
				36D942161AF1137F005D59D3 /* Grate.png */,
				36F35C771AEDC34C008A3CCA /* Base_600.png */,
				36F35C731AED84E8008A3CCA /* Backdrop_480.png */,
				36F35C741AED84E8008A3CCA /* Backdrop_568.png */,
				36D8EE5E1AEBF6E3004315CE /* SewerSplash_480.png */,
				36D8EE5F1AEBF6E3004315CE /* SewerSplash_568.png */,
			);
			name = images;
			sourceTree = "<group>";
		};
		36D8EE271AEBEFD2004315CE = {
			isa = PBXGroup;
			children = (
				36D8EE321AEBEFD3004315CE /* Sewer Brothers */,
				36D8EE511AEBEFD3004315CE /* Sewer BrothersTests */,
				36D8EE311AEBEFD3004315CE /* Products */,
			);
			sourceTree = "<group>";
		};
		36D8EE311AEBEFD3004315CE /* Products */ = {
			isa = PBXGroup;
			children = (
				36D8EE301AEBEFD3004315CE /* Sewer Brothers.app */,
				36D8EE4E1AEBEFD3004315CE /* Sewer BrothersTests.xctest */,
			);
			name = Products;
			sourceTree = "<group>";
		};
		36D8EE321AEBEFD3004315CE /* Sewer Brothers */ = {
			isa = PBXGroup;
			children = (
				36D942001AF10932005D59D3 /* Sounds */,
				36D8EE701AEC5190004315CE /* Sprites */,
				36D8EE641AEC0580004315CE /* scenes */,
				36D8EE371AEBEFD3004315CE /* AppDelegate.h */,
				36D8EE381AEBEFD3004315CE /* AppDelegate.m */,
				36D8EE3F1AEBEFD3004315CE /* GameViewController.h */,
				36D8EE401AEBEFD3004315CE /* GameViewController.m */,
				36D8EE421AEBEFD3004315CE /* Main.storyboard */,
				36D8EE451AEBEFD3004315CE /* Images.xcassets */,
				36D8EE471AEBEFD3004315CE /* LaunchScreen.xib */,
				36D8EE331AEBEFD3004315CE /* Supporting Files */,
			);
			path = "Sewer Brothers";
			sourceTree = "<group>";
		};
		36D8EE331AEBEFD3004315CE /* Supporting Files */ = {
			isa = PBXGroup;
			children = (
				36D8EE341AEBEFD3004315CE /* Info.plist */,
				36D8EE351AEBEFD3004315CE /* main.m */,
				36D941E31AF030E6005D59D3 /* CastOfCharacters.plist */,
			);
			name = "Supporting Files";
			sourceTree = "<group>";
		};
		36D8EE511AEBEFD3004315CE /* Sewer BrothersTests */ = {
			isa = PBXGroup;
			children = (
				36D8EE541AEBEFD3004315CE /* Sewer_BrothersTests.m */,
				36D8EE521AEBEFD3004315CE /* Supporting Files */,
			);
			path = "Sewer BrothersTests";
			sourceTree = "<group>";
		};
		36D8EE521AEBEFD3004315CE /* Supporting Files */ = {
			isa = PBXGroup;
			children = (
				36D8EE531AEBEFD3004315CE /* Info.plist */,
			);
			name = "Supporting Files";
			sourceTree = "<group>";
		};
		36D8EE641AEC0580004315CE /* scenes */ = {
			isa = PBXGroup;
			children = (
				36D8EE3A1AEBEFD3004315CE /* SplashScreenScene.h */,
				36D8EE3B1AEBEFD3004315CE /* SplashScreenScene.m */,
				36D8EE651AEC06F0004315CE /* GameScene.h */,
				36D8EE661AEC06F0004315CE /* GameScene.m */,
			);
			name = scenes;
			sourceTree = "<group>";
		};
		36D8EE701AEC5190004315CE /* Sprites */ = {
			isa = PBXGroup;
			children = (
				36D941E51AF084AC005D59D3 /* Numbers */,
				3624C3A61AEFBFD600D974C2 /* Coin */,
				36DB89B31AEEEEFB0093B567 /* Ratz */,
				365DBC2E1AEE6C4E005CAE5D /* images */,
				36F35C7D1AEE658F008A3CCA /* Ledge */,
				36D8EE711AEC51F4004315CE /* Player */,
				36D8EE751AEC58CD004315CE /* SKBSpriteTextures.h */,
				36D8EE761AEC58CD004315CE /* SKBSpriteTextures.m */,
			);
			name = Sprites;
			sourceTree = "<group>";
		};
		36D8EE711AEC51F4004315CE /* Player */ = {
			isa = PBXGroup;
			children = (
				365DBC2D1AEE6C3C005CAE5D /* images */,
				36D8EE721AEC523B004315CE /* SKBPlayer.h */,
				36D8EE731AEC523B004315CE /* SKBPlayer.m */,
			);
			name = Player;
			sourceTree = "<group>";
		};
		36D941E51AF084AC005D59D3 /* Numbers */ = {
			isa = PBXGroup;
			children = (
				36D941FA1AF0850B005D59D3 /* images */,
				36D941FD1AF086C1005D59D3 /* SKBScores.h */,
				36D941FE1AF086C1005D59D3 /* SKBScores.m */,
			);
			name = Numbers;
			sourceTree = "<group>";
		};
		36D941FA1AF0850B005D59D3 /* images */ = {
			isa = PBXGroup;
			children = (
				36D941FB1AF085F7005D59D3 /* Text_PlayerScoreHeader.png */,
				36D941E61AF084EE005D59D3 /* Text_Number_0.png */,
				36D941E71AF084EE005D59D3 /* Text_Number_1.png */,
				36D941E81AF084EE005D59D3 /* Text_Number_2.png */,
				36D941E91AF084EE005D59D3 /* Text_Number_3.png */,
				36D941EA1AF084EE005D59D3 /* Text_Number_4.png */,
				36D941EB1AF084EE005D59D3 /* Text_Number_5.png */,
				36D941EC1AF084EE005D59D3 /* Text_Number_6.png */,
				36D941ED1AF084EE005D59D3 /* Text_Number_7.png */,
				36D941EE1AF084EE005D59D3 /* Text_Number_8.png */,
				36D941EF1AF084EE005D59D3 /* Text_Number_9.png */,
			);
			name = images;
			sourceTree = "<group>";
		};
		36D942001AF10932005D59D3 /* Sounds */ = {
			isa = PBXGroup;
			children = (
				36D9420A1AF10AB1005D59D3 /* Jump.caf */,
				36D9420B1AF10AB1005D59D3 /* Run.caf */,
				36D9420C1AF10AB1005D59D3 /* Skid.caf */,
				36D9420D1AF10AB1005D59D3 /* SpawnCoin.caf */,
				36D9420E1AF10AB1005D59D3 /* SpawnEnemy.caf */,
				36D9420F1AF10AB1005D59D3 /* SpawnPlayer.caf */,
				36D942081AF10A18005D59D3 /* Theme.caf */,
			);
			name = Sounds;
			sourceTree = "<group>";
		};
		36DB89B31AEEEEFB0093B567 /* Ratz */ = {
			isa = PBXGroup;
			children = (
				36DB89CB1AEEF0D30093B567 /* images */,
				36DB89C81AEEF0C70093B567 /* SKBRatz.h */,
				36DB89C91AEEF0C70093B567 /* SKBRatz.m */,
			);
			name = Ratz;
			sourceTree = "<group>";
		};
		36DB89CB1AEEF0D30093B567 /* images */ = {
			isa = PBXGroup;
			children = (
				36DB89B41AEEEF2E0093B567 /* Ratz_Left1.png */,
				36DB89B51AEEEF2E0093B567 /* Ratz_Left2.png */,
				36DB89B61AEEEF2E0093B567 /* Ratz_Left3.png */,
				36DB89B71AEEEF2E0093B567 /* Ratz_Left4.png */,
				36DB89B81AEEEF2E0093B567 /* Ratz_Left5.png */,
				36DB89B91AEEEF2E0093B567 /* Ratz_Right1.png */,
				36DB89BA1AEEEF2E0093B567 /* Ratz_Right2.png */,
				36DB89BB1AEEEF2E0093B567 /* Ratz_Right3.png */,
				36DB89BC1AEEEF2E0093B567 /* Ratz_Right4.png */,
				36DB89BD1AEEEF2E0093B567 /* Ratz_Right5.png */,
			);
			name = images;
			sourceTree = "<group>";
		};
		36F35C7D1AEE658F008A3CCA /* Ledge */ = {
			isa = PBXGroup;
			children = (
				36F35C811AEE6658008A3CCA /* LedgeBrick.png */,
				36F35C7E1AEE65B0008A3CCA /* SKBLedge.h */,
				36F35C7F1AEE65B0008A3CCA /* SKBLedge.m */,
			);
			name = Ledge;
			sourceTree = "<group>";
		};
/* End PBXGroup section */

/* Begin PBXNativeTarget section */
		36D8EE2F1AEBEFD3004315CE /* Sewer Brothers */ = {
			isa = PBXNativeTarget;
			buildConfigurationList = 36D8EE581AEBEFD3004315CE /* Build configuration list for PBXNativeTarget "Sewer Brothers" */;
			buildPhases = (
				36D8EE2C1AEBEFD3004315CE /* Sources */,
				36D8EE2D1AEBEFD3004315CE /* Frameworks */,
				36D8EE2E1AEBEFD3004315CE /* Resources */,
			);
			buildRules = (
			);
			dependencies = (
			);
			name = "Sewer Brothers";
			productName = "Sewer Brothers";
			productReference = 36D8EE301AEBEFD3004315CE /* Sewer Brothers.app */;
			productType = "com.apple.product-type.application";
		};
		36D8EE4D1AEBEFD3004315CE /* Sewer BrothersTests */ = {
			isa = PBXNativeTarget;
			buildConfigurationList = 36D8EE5B1AEBEFD3004315CE /* Build configuration list for PBXNativeTarget "Sewer BrothersTests" */;
			buildPhases = (
				36D8EE4A1AEBEFD3004315CE /* Sources */,
				36D8EE4B1AEBEFD3004315CE /* Frameworks */,
				36D8EE4C1AEBEFD3004315CE /* Resources */,
			);
			buildRules = (
			);
			dependencies = (
				36D8EE501AEBEFD3004315CE /* PBXTargetDependency */,
			);
			name = "Sewer BrothersTests";
			productName = "Sewer BrothersTests";
			productReference = 36D8EE4E1AEBEFD3004315CE /* Sewer BrothersTests.xctest */;
			productType = "com.apple.product-type.bundle.unit-test";
		};
/* End PBXNativeTarget section */

/* Begin PBXProject section */
		36D8EE281AEBEFD2004315CE /* Project object */ = {
			isa = PBXProject;
			attributes = {
				LastUpgradeCheck = 0620;
				ORGANIZATIONNAME = iColaSoft;
				TargetAttributes = {
					36D8EE2F1AEBEFD3004315CE = {
						CreatedOnToolsVersion = 6.2;
						DevelopmentTeam = QQ384P2J3W;
					};
					36D8EE4D1AEBEFD3004315CE = {
						CreatedOnToolsVersion = 6.2;
						TestTargetID = 36D8EE2F1AEBEFD3004315CE;
					};
				};
			};
			buildConfigurationList = 36D8EE2B1AEBEFD2004315CE /* Build configuration list for PBXProject "Sewer Brothers" */;
			compatibilityVersion = "Xcode 3.2";
			developmentRegion = English;
			hasScannedForEncodings = 0;
			knownRegions = (
				en,
				Base,
			);
			mainGroup = 36D8EE271AEBEFD2004315CE;
			productRefGroup = 36D8EE311AEBEFD3004315CE /* Products */;
			projectDirPath = "";
			projectRoot = "";
			targets = (
				36D8EE2F1AEBEFD3004315CE /* Sewer Brothers */,
				36D8EE4D1AEBEFD3004315CE /* Sewer BrothersTests */,
			);
		};
/* End PBXProject section */

/* Begin PBXResourcesBuildPhase section */
		36D8EE2E1AEBEFD3004315CE /* Resources */ = {
			isa = PBXResourcesBuildPhase;
			buildActionMask = 2147483647;
			files = (
				36D8EE491AEBEFD3004315CE /* LaunchScreen.xib in Resources */,
				36D941F11AF084EE005D59D3 /* Text_Number_1.png in Resources */,
				36D8EE7E1AEC9A21004315CE /* Player_Left3.png in Resources */,
				36D941F01AF084EE005D59D3 /* Text_Number_0.png in Resources */,
				36D942101AF10AB1005D59D3 /* Jump.caf in Resources */,
				36D941F41AF084EE005D59D3 /* Text_Number_4.png in Resources */,
				36D942111AF10AB1005D59D3 /* Run.caf in Resources */,
				36DB89C51AEEEF2E0093B567 /* Ratz_Right3.png in Resources */,
				36D8EE821AEC9A47004315CE /* Player_Left_Still.png in Resources */,
				36DB89C01AEEEF2E0093B567 /* Ratz_Left3.png in Resources */,
				36DB89C71AEEEF2E0093B567 /* Ratz_Right5.png in Resources */,
				36D8EE6F1AEC4C0F004315CE /* Player_Right4.png in Resources */,
				36D8EE6E1AEC4C0F004315CE /* Player_Right3.png in Resources */,
				36DB89BF1AEEEF2E0093B567 /* Ratz_Left2.png in Resources */,
				36D941E41AF030E6005D59D3 /* CastOfCharacters.plist in Resources */,
				36DB89BE1AEEEF2E0093B567 /* Ratz_Left1.png in Resources */,
				36D8EE461AEBEFD3004315CE /* Images.xcassets in Resources */,
				36D8EE6D1AEC4C0F004315CE /* Player_Right2.png in Resources */,
				3624C3AA1AEFBFEE00D974C2 /* Coin1.png in Resources */,
				36D941F31AF084EE005D59D3 /* Text_Number_3.png in Resources */,
				36D8EE831AEC9A47004315CE /* Player_Right_Still.png in Resources */,
				36014F2F1AED3EFB0084817B /* Player_LeftSkid.png in Resources */,
				36D9421B1AF11540005D59D3 /* PipeLwrRight.png in Resources */,
				36D942091AF10A18005D59D3 /* Theme.caf in Resources */,
				36D8EE7F1AEC9A21004315CE /* Player_Left4.png in Resources */,
				36D9421A1AF11540005D59D3 /* PipeLwrLeft.png in Resources */,
				3624C3AC1AEFBFEE00D974C2 /* Coin3.png in Resources */,
				36D942131AF10AB1005D59D3 /* SpawnCoin.caf in Resources */,
				36DB89C21AEEEF2E0093B567 /* Ratz_Left5.png in Resources */,
				36014F301AED3EFB0084817B /* Player_RightSkid.png in Resources */,
				36D941F51AF084EE005D59D3 /* Text_Number_5.png in Resources */,
				36F35C781AEDC34C008A3CCA /* Base_600.png in Resources */,
				36D941F81AF084EE005D59D3 /* Text_Number_8.png in Resources */,
				36D942141AF10AB1005D59D3 /* SpawnEnemy.caf in Resources */,
				36D8EE7D1AEC9A21004315CE /* Player_Left2.png in Resources */,
				36F35C7B1AEDCD15008A3CCA /* Player_LeftJump.png in Resources */,
				36F35C761AED84E8008A3CCA /* Backdrop_568.png in Resources */,
				36D941F21AF084EE005D59D3 /* Text_Number_2.png in Resources */,
				36DB89C61AEEEF2E0093B567 /* Ratz_Right4.png in Resources */,
				36D942121AF10AB1005D59D3 /* Skid.caf in Resources */,
				36D941F71AF084EE005D59D3 /* Text_Number_7.png in Resources */,
				36D942171AF1137F005D59D3 /* Grate.png in Resources */,
				36F35C7C1AEDCD15008A3CCA /* Player_RightJump.png in Resources */,
				36D942151AF10AB1005D59D3 /* SpawnPlayer.caf in Resources */,
				36DB89C41AEEEF2E0093B567 /* Ratz_Right2.png in Resources */,
				36D941FC1AF085F7005D59D3 /* Text_PlayerScoreHeader.png in Resources */,
				36D8EE611AEBF6E3004315CE /* SewerSplash_568.png in Resources */,
				36D941F61AF084EE005D59D3 /* Text_Number_6.png in Resources */,
				36D8EE601AEBF6E3004315CE /* SewerSplash_480.png in Resources */,
				36F35C821AEE6658008A3CCA /* LedgeBrick.png in Resources */,
				36D8EE7C1AEC9A21004315CE /* Player_Left1.png in Resources */,
				36DB89C31AEEEF2E0093B567 /* Ratz_Right1.png in Resources */,
				36D8EE441AEBEFD3004315CE /* Main.storyboard in Resources */,
				36F35C751AED84E8008A3CCA /* Backdrop_480.png in Resources */,
				3624C3AB1AEFBFEE00D974C2 /* Coin2.png in Resources */,
				36D8EE6C1AEC4C0F004315CE /* Player_Right1.png in Resources */,
				36D941F91AF084EE005D59D3 /* Text_Number_9.png in Resources */,
				36DB89C11AEEEF2E0093B567 /* Ratz_Left4.png in Resources */,
			);
			runOnlyForDeploymentPostprocessing = 0;
		};
		36D8EE4C1AEBEFD3004315CE /* Resources */ = {
			isa = PBXResourcesBuildPhase;
			buildActionMask = 2147483647;
			files = (
			);
			runOnlyForDeploymentPostprocessing = 0;
		};
/* End PBXResourcesBuildPhase section */

/* Begin PBXSourcesBuildPhase section */
		36D8EE2C1AEBEFD3004315CE /* Sources */ = {
			isa = PBXSourcesBuildPhase;
			buildActionMask = 2147483647;
			files = (
				36D8EE411AEBEFD3004315CE /* GameViewController.m in Sources */,
				3624C3B01AEFC00700D974C2 /* SKBCoin.m in Sources */,
				36D8EE771AEC58CD004315CE /* SKBSpriteTextures.m in Sources */,
				36D8EE391AEBEFD3004315CE /* AppDelegate.m in Sources */,
				36D8EE671AEC06F0004315CE /* GameScene.m in Sources */,
				36D8EE3C1AEBEFD3004315CE /* SplashScreenScene.m in Sources */,
				36D8EE741AEC523B004315CE /* SKBPlayer.m in Sources */,
				36DB89CA1AEEF0C70093B567 /* SKBRatz.m in Sources */,
				36D941FF1AF086C1005D59D3 /* SKBScores.m in Sources */,
				36F35C801AEE65B0008A3CCA /* SKBLedge.m in Sources */,
				36D8EE361AEBEFD3004315CE /* main.m in Sources */,
			);
			runOnlyForDeploymentPostprocessing = 0;
		};
		36D8EE4A1AEBEFD3004315CE /* Sources */ = {
			isa = PBXSourcesBuildPhase;
			buildActionMask = 2147483647;
			files = (
				36D8EE551AEBEFD3004315CE /* Sewer_BrothersTests.m in Sources */,
			);
			runOnlyForDeploymentPostprocessing = 0;
		};
/* End PBXSourcesBuildPhase section */

/* Begin PBXTargetDependency section */
		36D8EE501AEBEFD3004315CE /* PBXTargetDependency */ = {
			isa = PBXTargetDependency;
			target = 36D8EE2F1AEBEFD3004315CE /* Sewer Brothers */;
			targetProxy = 36D8EE4F1AEBEFD3004315CE /* PBXContainerItemProxy */;
		};
/* End PBXTargetDependency section */

/* Begin PBXVariantGroup section */
		36D8EE421AEBEFD3004315CE /* Main.storyboard */ = {
			isa = PBXVariantGroup;
			children = (
				36D8EE431AEBEFD3004315CE /* Base */,
			);
			name = Main.storyboard;
			sourceTree = "<group>";
		};
		36D8EE471AEBEFD3004315CE /* LaunchScreen.xib */ = {
			isa = PBXVariantGroup;
			children = (
				36D8EE481AEBEFD3004315CE /* Base */,
			);
			name = LaunchScreen.xib;
			sourceTree = "<group>";
		};
/* End PBXVariantGroup section */

/* Begin XCBuildConfiguration section */
		36D8EE561AEBEFD3004315CE /* Debug */ = {
			isa = XCBuildConfiguration;
			buildSettings = {
				ALWAYS_SEARCH_USER_PATHS = NO;
				CLANG_CXX_LANGUAGE_STANDARD = "gnu++0x";
				CLANG_CXX_LIBRARY = "libc++";
				CLANG_ENABLE_MODULES = YES;
				CLANG_ENABLE_OBJC_ARC = YES;
				CLANG_WARN_BOOL_CONVERSION = YES;
				CLANG_WARN_CONSTANT_CONVERSION = YES;
				CLANG_WARN_DIRECT_OBJC_ISA_USAGE = YES_ERROR;
				CLANG_WARN_EMPTY_BODY = YES;
				CLANG_WARN_ENUM_CONVERSION = YES;
				CLANG_WARN_INT_CONVERSION = YES;
				CLANG_WARN_OBJC_ROOT_CLASS = YES_ERROR;
				CLANG_WARN_UNREACHABLE_CODE = YES;
				CLANG_WARN__DUPLICATE_METHOD_MATCH = YES;
				"CODE_SIGN_IDENTITY[sdk=iphoneos*]" = "iPhone Developer";
				COPY_PHASE_STRIP = NO;
				ENABLE_STRICT_OBJC_MSGSEND = YES;
				GCC_C_LANGUAGE_STANDARD = gnu99;
				GCC_DYNAMIC_NO_PIC = NO;
				GCC_OPTIMIZATION_LEVEL = 0;
				GCC_PREPROCESSOR_DEFINITIONS = (
					"DEBUG=1",
					"$(inherited)",
				);
				GCC_SYMBOLS_PRIVATE_EXTERN = NO;
				GCC_WARN_64_TO_32_BIT_CONVERSION = YES;
				GCC_WARN_ABOUT_RETURN_TYPE = YES_ERROR;
				GCC_WARN_UNDECLARED_SELECTOR = YES;
				GCC_WARN_UNINITIALIZED_AUTOS = YES_AGGRESSIVE;
				GCC_WARN_UNUSED_FUNCTION = YES;
				GCC_WARN_UNUSED_VARIABLE = YES;
				IPHONEOS_DEPLOYMENT_TARGET = 8.0;
				MTL_ENABLE_DEBUG_INFO = YES;
				ONLY_ACTIVE_ARCH = YES;
				SDKROOT = iphoneos;
			};
			name = Debug;
		};
		36D8EE571AEBEFD3004315CE /* Release */ = {
			isa = XCBuildConfiguration;
			buildSettings = {
				ALWAYS_SEARCH_USER_PATHS = NO;
				CLANG_CXX_LANGUAGE_STANDARD = "gnu++0x";
				CLANG_CXX_LIBRARY = "libc++";
				CLANG_ENABLE_MODULES = YES;
				CLANG_ENABLE_OBJC_ARC = YES;
				CLANG_WARN_BOOL_CONVERSION = YES;
				CLANG_WARN_CONSTANT_CONVERSION = YES;
				CLANG_WARN_DIRECT_OBJC_ISA_USAGE = YES_ERROR;
				CLANG_WARN_EMPTY_BODY = YES;
				CLANG_WARN_ENUM_CONVERSION = YES;
				CLANG_WARN_INT_CONVERSION = YES;
				CLANG_WARN_OBJC_ROOT_CLASS = YES_ERROR;
				CLANG_WARN_UNREACHABLE_CODE = YES;
				CLANG_WARN__DUPLICATE_METHOD_MATCH = YES;
				"CODE_SIGN_IDENTITY[sdk=iphoneos*]" = "iPhone Developer";
				COPY_PHASE_STRIP = NO;
				ENABLE_NS_ASSERTIONS = NO;
				ENABLE_STRICT_OBJC_MSGSEND = YES;
				GCC_C_LANGUAGE_STANDARD = gnu99;
				GCC_WARN_64_TO_32_BIT_CONVERSION = YES;
				GCC_WARN_ABOUT_RETURN_TYPE = YES_ERROR;
				GCC_WARN_UNDECLARED_SELECTOR = YES;
				GCC_WARN_UNINITIALIZED_AUTOS = YES_AGGRESSIVE;
				GCC_WARN_UNUSED_FUNCTION = YES;
				GCC_WARN_UNUSED_VARIABLE = YES;
				IPHONEOS_DEPLOYMENT_TARGET = 8.0;
				MTL_ENABLE_DEBUG_INFO = NO;
				SDKROOT = iphoneos;
				VALIDATE_PRODUCT = YES;
			};
			name = Release;
		};
		36D8EE591AEBEFD3004315CE /* Debug */ = {
			isa = XCBuildConfiguration;
			buildSettings = {
				ASSETCATALOG_COMPILER_APPICON_NAME = AppIcon;
				CODE_SIGN_IDENTITY = "iPhone Developer";
				INFOPLIST_FILE = "Sewer Brothers/Info.plist";
				LD_RUNPATH_SEARCH_PATHS = "$(inherited) @executable_path/Frameworks";
				PRODUCT_NAME = "$(TARGET_NAME)";
			};
			name = Debug;
		};
		36D8EE5A1AEBEFD3004315CE /* Release */ = {
			isa = XCBuildConfiguration;
			buildSettings = {
				ASSETCATALOG_COMPILER_APPICON_NAME = AppIcon;
				CODE_SIGN_IDENTITY = "iPhone Developer";
				INFOPLIST_FILE = "Sewer Brothers/Info.plist";
				LD_RUNPATH_SEARCH_PATHS = "$(inherited) @executable_path/Frameworks";
				PRODUCT_NAME = "$(TARGET_NAME)";
			};
			name = Release;
		};
		36D8EE5C1AEBEFD3004315CE /* Debug */ = {
			isa = XCBuildConfiguration;
			buildSettings = {
				BUNDLE_LOADER = "$(TEST_HOST)";
				FRAMEWORK_SEARCH_PATHS = (
					"$(SDKROOT)/Developer/Library/Frameworks",
					"$(inherited)",
				);
				GCC_PREPROCESSOR_DEFINITIONS = (
					"DEBUG=1",
					"$(inherited)",
				);
				INFOPLIST_FILE = "Sewer BrothersTests/Info.plist";
				LD_RUNPATH_SEARCH_PATHS = "$(inherited) @executable_path/Frameworks @loader_path/Frameworks";
				PRODUCT_NAME = "$(TARGET_NAME)";
				TEST_HOST = "$(BUILT_PRODUCTS_DIR)/Sewer Brothers.app/Sewer Brothers";
			};
			name = Debug;
		};
		36D8EE5D1AEBEFD3004315CE /* Release */ = {
			isa = XCBuildConfiguration;
			buildSettings = {
				BUNDLE_LOADER = "$(TEST_HOST)";
				FRAMEWORK_SEARCH_PATHS = (
					"$(SDKROOT)/Developer/Library/Frameworks",
					"$(inherited)",
				);
				INFOPLIST_FILE = "Sewer BrothersTests/Info.plist";
				LD_RUNPATH_SEARCH_PATHS = "$(inherited) @executable_path/Frameworks @loader_path/Frameworks";
				PRODUCT_NAME = "$(TARGET_NAME)";
				TEST_HOST = "$(BUILT_PRODUCTS_DIR)/Sewer Brothers.app/Sewer Brothers";
			};
			name = Release;
		};
/* End XCBuildConfiguration section */

/* Begin XCConfigurationList section */
		36D8EE2B1AEBEFD2004315CE /* Build configuration list for PBXProject "Sewer Brothers" */ = {
			isa = XCConfigurationList;
			buildConfigurations = (
				36D8EE561AEBEFD3004315CE /* Debug */,
				36D8EE571AEBEFD3004315CE /* Release */,
			);
			defaultConfigurationIsVisible = 0;
			defaultConfigurationName = Release;
		};
		36D8EE581AEBEFD3004315CE /* Build configuration list for PBXNativeTarget "Sewer Brothers" */ = {
			isa = XCConfigurationList;
			buildConfigurations = (
				36D8EE591AEBEFD3004315CE /* Debug */,
				36D8EE5A1AEBEFD3004315CE /* Release */,
			);
			defaultConfigurationIsVisible = 0;
			defaultConfigurationName = Release;
		};
		36D8EE5B1AEBEFD3004315CE /* Build configuration list for PBXNativeTarget "Sewer BrothersTests" */ = {
			isa = XCConfigurationList;
			buildConfigurations = (
				36D8EE5C1AEBEFD3004315CE /* Debug */,
				36D8EE5D1AEBEFD3004315CE /* Release */,
			);
			defaultConfigurationIsVisible = 0;
			defaultConfigurationName = Release;
		};
/* End XCConfigurationList section */
	};
	rootObject = 36D8EE281AEBEFD2004315CE /* Project object */;
}
